
Microsoft Visual Studio Solution File, Format Version 12.00
# Visual Studio 2013
VisualStudioVersion = 12.0.30723.0
MinimumVisualStudioVersion = 10.0.40219.1
Project("{FAE04EC0-301F-11D3-BF4B-00C04F79EFBC}") = "Lesson1ConfigureProj", "HelloAmap\Lesson1ConfigureProj.csproj", "{791B6692-7A9E-435A-A3EE-2BF55B2A6CF2}"
EndProject
Project("{FAE04EC0-301F-11D3-BF4B-00C04F79EFBC}") = "Lesson2DislplayMap", "Lesson2DislplayMap\Lesson2DislplayMap.csproj", "{969B8A66-3949-4DDF-9D7A-8C3DD1083ADF}"
EndProject
Project("{FAE04EC0-301F-11D3-BF4B-00C04F79EFBC}") = "Lesson3MyPosition", "Lesson3\Lesson3MyPosition.csproj", "{C964416F-DEB0-426C-9A30-B88FAE2D1FAA}"
EndProject
Project("{FAE04EC0-301F-11D3-BF4B-00C04F79EFBC}") = "Lesson4ReGeoCodeMyPosition", "ReGeoCodeMyPosition\Lesson4ReGeoCodeMyPosition.csproj", "{968C214D-C194-449A-8EDD-732BFC705796}"
EndProject
Project("{FAE04EC0-301F-11D3-BF4B-00C04F79EFBC}") = "Lesson5NearbyPOI", "Lesson5\Lesson5NearbyPOI.csproj", "{0E1B85C4-04CB-4D96-957C-0D324337E0A2}"
EndProject
Project("{FAE04EC0-301F-11D3-BF4B-00C04F79EFBC}") = "Lesson6", "Lesson6\Lesson6.csproj", "{0D75931B-5FD2-43AE-B8C1-51AFB0FF22B3}"
EndProject
Global
	GlobalSection(SolutionConfigurationPlatforms) = preSolution
		Debug|Any CPU = Debug|Any CPU
		Debug|ARM = Debug|ARM
		Debug|x86 = Debug|x86
		Release|Any CPU = Release|Any CPU
		Release|ARM = Release|ARM
		Release|x86 = Release|x86
	EndGlobalSection
	GlobalSection(ProjectConfigurationPlatforms) = postSolution
		{791B6692-7A9E-435A-A3EE-2BF55B2A6CF2}.Debug|Any CPU.ActiveCfg = Debug|Any CPU
		{791B6692-7A9E-435A-A3EE-2BF55B2A6CF2}.Debug|Any CPU.Build.0 = Debug|Any CPU
		{791B6692-7A9E-435A-A3EE-2BF55B2A6CF2}.Debug|Any CPU.Deploy.0 = Debug|Any CPU
		{791B6692-7A9E-435A-A3EE-2BF55B2A6CF2}.Debug|ARM.ActiveCfg = Debug|ARM
		{791B6692-7A9E-435A-A3EE-2BF55B2A6CF2}.Debug|ARM.Build.0 = Debug|ARM
		{791B6692-7A9E-435A-A3EE-2BF55B2A6CF2}.Debug|ARM.Deploy.0 = Debug|ARM
		{791B6692-7A9E-435A-A3EE-2BF55B2A6CF2}.Debug|x86.ActiveCfg = Debug|x86
		{791B6692-7A9E-435A-A3EE-2BF55B2A6CF2}.Debug|x86.Build.0 = Debug|x86
		{791B6692-7A9E-435A-A3EE-2BF55B2A6CF2}.Debug|x86.Deploy.0 = Debug|x86
		{791B6692-7A9E-435A-A3EE-2BF55B2A6CF2}.Release|Any CPU.ActiveCfg = Release|Any CPU
		{791B6692-7A9E-435A-A3EE-2BF55B2A6CF2}.Release|Any CPU.Build.0 = Release|Any CPU
		{791B6692-7A9E-435A-A3EE-2BF55B2A6CF2}.Release|Any CPU.Deploy.0 = Release|Any CPU
		{791B6692-7A9E-435A-A3EE-2BF55B2A6CF2}.Release|ARM.ActiveCfg = Release|ARM
		{791B6692-7A9E-435A-A3EE-2BF55B2A6CF2}.Release|ARM.Build.0 = Release|ARM
		{791B6692-7A9E-435A-A3EE-2BF55B2A6CF2}.Release|ARM.Deploy.0 = Release|ARM
		{791B6692-7A9E-435A-A3EE-2BF55B2A6CF2}.Release|x86.ActiveCfg = Release|x86
		{791B6692-7A9E-435A-A3EE-2BF55B2A6CF2}.Release|x86.Build.0 = Release|x86
		{791B6692-7A9E-435A-A3EE-2BF55B2A6CF2}.Release|x86.Deploy.0 = Release|x86
		{969B8A66-3949-4DDF-9D7A-8C3DD1083ADF}.Debug|Any CPU.ActiveCfg = Debug|Any CPU
		{969B8A66-3949-4DDF-9D7A-8C3DD1083ADF}.Debug|Any CPU.Build.0 = Debug|Any CPU
		{969B8A66-3949-4DDF-9D7A-8C3DD1083ADF}.Debug|Any CPU.Deploy.0 = Debug|Any CPU
		{969B8A66-3949-4DDF-9D7A-8C3DD1083ADF}.Debug|ARM.ActiveCfg = Debug|ARM
		{969B8A66-3949-4DDF-9D7A-8C3DD1083ADF}.Debug|ARM.Build.0 = Debug|ARM
		{969B8A66-3949-4DDF-9D7A-8C3DD1083ADF}.Debug|ARM.Deploy.0 = Debug|ARM
		{969B8A66-3949-4DDF-9D7A-8C3DD1083ADF}.Debug|x86.ActiveCfg = Debug|x86
		{969B8A66-3949-4DDF-9D7A-8C3DD1083ADF}.Debug|x86.Build.0 = Debug|x86
		{969B8A66-3949-4DDF-9D7A-8C3DD1083ADF}.Debug|x86.Deploy.0 = Debug|x86
		{969B8A66-3949-4DDF-9D7A-8C3DD1083ADF}.Release|Any CPU.ActiveCfg = Release|Any CPU
		{969B8A66-3949-4DDF-9D7A-8C3DD1083ADF}.Release|Any CPU.Build.0 = Release|Any CPU
		{969B8A66-3949-4DDF-9D7A-8C3DD1083ADF}.Release|Any CPU.Deploy.0 = Release|Any CPU
		{969B8A66-3949-4DDF-9D7A-8C3DD1083ADF}.Release|ARM.ActiveCfg = Release|ARM
		{969B8A66-3949-4DDF-9D7A-8C3DD1083ADF}.Release|ARM.Build.0 = Release|ARM
		{969B8A66-3949-4DDF-9D7A-8C3DD1083ADF}.Release|ARM.Deploy.0 = Release|ARM
		{969B8A66-3949-4DDF-9D7A-8C3DD1083ADF}.Release|x86.ActiveCfg = Release|x86
		{969B8A66-3949-4DDF-9D7A-8C3DD1083ADF}.Release|x86.Build.0 = Release|x86
		{969B8A66-3949-4DDF-9D7A-8C3DD1083ADF}.Release|x86.Deploy.0 = Release|x86
		{C964416F-DEB0-426C-9A30-B88FAE2D1FAA}.Debug|Any CPU.ActiveCfg = Debug|Any CPU
		{C964416F-DEB0-426C-9A30-B88FAE2D1FAA}.Debug|Any CPU.Build.0 = Debug|Any CPU
		{C964416F-DEB0-426C-9A30-B88FAE2D1FAA}.Debug|Any CPU.Deploy.0 = Debug|Any CPU
		{C964416F-DEB0-426C-9A30-B88FAE2D1FAA}.Debug|ARM.ActiveCfg = Debug|ARM
		{C964416F-DEB0-426C-9A30-B88FAE2D1FAA}.Debug|ARM.Build.0 = Debug|ARM
		{C964416F-DEB0-426C-9A30-B88FAE2D1FAA}.Debug|ARM.Deploy.0 = Debug|ARM
		{C964416F-DEB0-426C-9A30-B88FAE2D1FAA}.Debug|x86.ActiveCfg = Debug|x86
		{C964416F-DEB0-426C-9A30-B88FAE2D1FAA}.Debug|x86.Build.0 = Debug|x86
		{C964416F-DEB0-426C-9A30-B88FAE2D1FAA}.Debug|x86.Deploy.0 = Debug|x86
		{C964416F-DEB0-426C-9A30-B88FAE2D1FAA}.Release|Any CPU.ActiveCfg = Release|Any CPU
		{C964416F-DEB0-426C-9A30-B88FAE2D1FAA}.Release|Any CPU.Build.0 = Release|Any CPU
		{C964416F-DEB0-426C-9A30-B88FAE2D1FAA}.Release|Any CPU.Deploy.0 = Release|Any CPU
		{C964416F-DEB0-426C-9A30-B88FAE2D1FAA}.Release|ARM.ActiveCfg = Release|ARM
		{C964416F-DEB0-426C-9A30-B88FAE2D1FAA}.Release|ARM.Build.0 = Release|ARM
		{C964416F-DEB0-426C-9A30-B88FAE2D1FAA}.Release|ARM.Deploy.0 = Release|ARM
		{C964416F-DEB0-426C-9A30-B88FAE2D1FAA}.Release|x86.ActiveCfg = Release|x86
		{C964416F-DEB0-426C-9A30-B88FAE2D1FAA}.Release|x86.Build.0 = Release|x86
		{C964416F-DEB0-426C-9A30-B88FAE2D1FAA}.Release|x86.Deploy.0 = Release|x86
		{968C214D-C194-449A-8EDD-732BFC705796}.Debug|Any CPU.ActiveCfg = Debug|Any CPU
		{968C214D-C194-449A-8EDD-732BFC705796}.Debug|Any CPU.Build.0 = Debug|Any CPU
		{968C214D-C194-449A-8EDD-732BFC705796}.Debug|Any CPU.Deploy.0 = Debug|Any CPU
		{968C214D-C194-449A-8EDD-732BFC705796}.Debug|ARM.ActiveCfg = Debug|ARM
		{968C214D-C194-449A-8EDD-732BFC705796}.Debug|ARM.Build.0 = Debug|ARM
		{968C214D-C194-449A-8EDD-732BFC705796}.Debug|ARM.Deploy.0 = Debug|ARM
		{968C214D-C194-449A-8EDD-732BFC705796}.Debug|x86.ActiveCfg = Debug|x86
		{968C214D-C194-449A-8EDD-732BFC705796}.Debug|x86.Build.0 = Debug|x86
		{968C214D-C194-449A-8EDD-732BFC705796}.Debug|x86.Deploy.0 = Debug|x86
		{968C214D-C194-449A-8EDD-732BFC705796}.Release|Any CPU.ActiveCfg = Release|Any CPU
		{968C214D-C194-449A-8EDD-732BFC705796}.Release|Any CPU.Build.0 = Release|Any CPU
		{968C214D-C194-449A-8EDD-732BFC705796}.Release|Any CPU.Deploy.0 = Release|Any CPU
		{968C214D-C194-449A-8EDD-732BFC705796}.Release|ARM.ActiveCfg = Release|ARM
		{968C214D-C194-449A-8EDD-732BFC705796}.Release|ARM.Build.0 = Release|ARM
		{968C214D-C194-449A-8EDD-732BFC705796}.Release|ARM.Deploy.0 = Release|ARM
		{968C214D-C194-449A-8EDD-732BFC705796}.Release|x86.ActiveCfg = Release|x86
		{968C214D-C194-449A-8EDD-732BFC705796}.Release|x86.Build.0 = Release|x86
		{968C214D-C194-449A-8EDD-732BFC705796}.Release|x86.Deploy.0 = Release|x86
		{0E1B85C4-04CB-4D96-957C-0D324337E0A2}.Debug|Any CPU.ActiveCfg = Debug|Any CPU
		{0E1B85C4-04CB-4D96-957C-0D324337E0A2}.Debug|Any CPU.Build.0 = Debug|Any CPU
		{0E1B85C4-04CB-4D96-957C-0D324337E0A2}.Debug|Any CPU.Deploy.0 = Debug|Any CPU
		{0E1B85C4-04CB-4D96-957C-0D324337E0A2}.Debug|ARM.ActiveCfg = Debug|ARM
		{0E1B85C4-04CB-4D96-957C-0D324337E0A2}.Debug|ARM.Build.0 = Debug|ARM
		{0E1B85C4-04CB-4D96-957C-0D324337E0A2}.Debug|ARM.Deploy.0 = Debug|ARM
		{0E1B85C4-04CB-4D96-957C-0D324337E0A2}.Debug|x86.ActiveCfg = Debug|x86
		{0E1B85C4-04CB-4D96-957C-0D324337E0A2}.Debug|x86.Build.0 = Debug|x86
		{0E1B85C4-04CB-4D96-957C-0D324337E0A2}.Debug|x86.Deploy.0 = Debug|x86
		{0E1B85C4-04CB-4D96-957C-0D324337E0A2}.Release|Any CPU.ActiveCfg = Release|Any CPU
		{0E1B85C4-04CB-4D96-957C-0D324337E0A2}.Release|Any CPU.Build.0 = Release|Any CPU
		{0E1B85C4-04CB-4D96-957C-0D324337E0A2}.Release|Any CPU.Deploy.0 = Release|Any CPU
		{0E1B85C4-04CB-4D96-957C-0D324337E0A2}.Release|ARM.ActiveCfg = Release|ARM
		{0E1B85C4-04CB-4D96-957C-0D324337E0A2}.Release|ARM.Build.0 = Release|ARM
		{0E1B85C4-04CB-4D96-957C-0D324337E0A2}.Release|ARM.Deploy.0 = Release|ARM
		{0E1B85C4-04CB-4D96-957C-0D324337E0A2}.Release|x86.ActiveCfg = Release|x86
		{0E1B85C4-04CB-4D96-957C-0D324337E0A2}.Release|x86.Build.0 = Release|x86
		{0E1B85C4-04CB-4D96-957C-0D324337E0A2}.Release|x86.Deploy.0 = Release|x86
		{0D75931B-5FD2-43AE-B8C1-51AFB0FF22B3}.Debug|Any CPU.ActiveCfg = Debug|Any CPU
		{0D75931B-5FD2-43AE-B8C1-51AFB0FF22B3}.Debug|Any CPU.Build.0 = Debug|Any CPU
		{0D75931B-5FD2-43AE-B8C1-51AFB0FF22B3}.Debug|Any CPU.Deploy.0 = Debug|Any CPU
		{0D75931B-5FD2-43AE-B8C1-51AFB0FF22B3}.Debug|ARM.ActiveCfg = Debug|ARM
		{0D75931B-5FD2-43AE-B8C1-51AFB0FF22B3}.Debug|ARM.Build.0 = Debug|ARM
		{0D75931B-5FD2-43AE-B8C1-51AFB0FF22B3}.Debug|ARM.Deploy.0 = Debug|ARM
		{0D75931B-5FD2-43AE-B8C1-51AFB0FF22B3}.Debug|x86.ActiveCfg = Debug|x86
		{0D75931B-5FD2-43AE-B8C1-51AFB0FF22B3}.Debug|x86.Build.0 = Debug|x86
		{0D75931B-5FD2-43AE-B8C1-51AFB0FF22B3}.Debug|x86.Deploy.0 = Debug|x86
		{0D75931B-5FD2-43AE-B8C1-51AFB0FF22B3}.Release|Any CPU.ActiveCfg = Release|Any CPU
		{0D75931B-5FD2-43AE-B8C1-51AFB0FF22B3}.Release|Any CPU.Build.0 = Release|Any CPU
		{0D75931B-5FD2-43AE-B8C1-51AFB0FF22B3}.Release|Any CPU.Deploy.0 = Release|Any CPU
		{0D75931B-5FD2-43AE-B8C1-51AFB0FF22B3}.Release|ARM.ActiveCfg = Release|ARM
		{0D75931B-5FD2-43AE-B8C1-51AFB0FF22B3}.Release|ARM.Build.0 = Release|ARM
		{0D75931B-5FD2-43AE-B8C1-51AFB0FF22B3}.Release|ARM.Deploy.0 = Release|ARM
		{0D75931B-5FD2-43AE-B8C1-51AFB0FF22B3}.Release|x86.ActiveCfg = Release|x86
		{0D75931B-5FD2-43AE-B8C1-51AFB0FF22B3}.Release|x86.Build.0 = Release|x86
		{0D75931B-5FD2-43AE-B8C1-51AFB0FF22B3}.Release|x86.Deploy.0 = Release|x86
	EndGlobalSection
	GlobalSection(SolutionProperties) = preSolution
		HideSolutionNode = FALSE
	EndGlobalSection
EndGlobal
